// !$*UTF8*$!
{
	archiveVersion = 1;
	classes = {
	};
	objectVersion = 46;
	objects = {

/* Begin PBXBuildFile section */
		5B3499D61941482400891444 /* AppDelegate.swift in Sources */ = {isa = PBXBuildFile; fileRef = 5B3499D51941482400891444 /* AppDelegate.swift */; };
		5B3499D81941482400891444 /* GameScene.sks in Resources */ = {isa = PBXBuildFile; fileRef = 5B3499D71941482400891444 /* GameScene.sks */; };
		5B3499DA1941482400891444 /* GameScene.swift in Sources */ = {isa = PBXBuildFile; fileRef = 5B3499D91941482400891444 /* GameScene.swift */; };
		5B3499DC1941482400891444 /* GameViewController.swift in Sources */ = {isa = PBXBuildFile; fileRef = 5B3499DB1941482400891444 /* GameViewController.swift */; };
		5B3499DF1941482400891444 /* Main.storyboard in Resources */ = {isa = PBXBuildFile; fileRef = 5B3499DD1941482400891444 /* Main.storyboard */; };
		5B3499E11941482400891444 /* Images.xcassets in Resources */ = {isa = PBXBuildFile; fileRef = 5B3499E01941482400891444 /* Images.xcassets */; };
		5B3499ED1941482400891444 /* DemoSwiftGameTests.swift in Sources */ = {isa = PBXBuildFile; fileRef = 5B3499EC1941482400891444 /* DemoSwiftGameTests.swift */; };
		5B3499FC19415F8500891444 /* DemoTest.swift in Sources */ = {isa = PBXBuildFile; fileRef = 5B3499F919415F8500891444 /* DemoTest.swift */; };
		5B3499FD19415F8500891444 /* HelloWorld.swift in Sources */ = {isa = PBXBuildFile; fileRef = 5B3499FA19415F8500891444 /* HelloWorld.swift */; };
		5B3499FE19415F8500891444 /* shape.swift in Sources */ = {isa = PBXBuildFile; fileRef = 5B3499FB19415F8500891444 /* shape.swift */; };
/* End PBXBuildFile section */

/* Begin PBXContainerItemProxy section */
		5B3499E71941482400891444 /* PBXContainerItemProxy */ = {
			isa = PBXContainerItemProxy;
			containerPortal = 5B3499C81941482400891444 /* Project object */;
			proxyType = 1;
			remoteGlobalIDString = 5B3499CF1941482400891444;
			remoteInfo = DemoSwiftGame;
		};
/* End PBXContainerItemProxy section */

/* Begin PBXFileReference section */
		5B3499D01941482400891444 /* DemoSwiftGame.app */ = {isa = PBXFileReference; explicitFileType = wrapper.application; includeInIndex = 0; path = DemoSwiftGame.app; sourceTree = BUILT_PRODUCTS_DIR; };
		5B3499D41941482400891444 /* Info.plist */ = {isa = PBXFileReference; lastKnownFileType = text.plist.xml; path = Info.plist; sourceTree = "<group>"; };
		5B3499D51941482400891444 /* AppDelegate.swift */ = {isa = PBXFileReference; lastKnownFileType = sourcecode.swift; path = AppDelegate.swift; sourceTree = "<group>"; };
		5B3499D71941482400891444 /* GameScene.sks */ = {isa = PBXFileReference; lastKnownFileType = file.sks; path = GameScene.sks; sourceTree = "<group>"; };
		5B3499D91941482400891444 /* GameScene.swift */ = {isa = PBXFileReference; lastKnownFileType = sourcecode.swift; path = GameScene.swift; sourceTree = "<group>"; };
		5B3499DB1941482400891444 /* GameViewController.swift */ = {isa = PBXFileReference; lastKnownFileType = sourcecode.swift; path = GameViewController.swift; sourceTree = "<group>"; };
		5B3499DE1941482400891444 /* Base */ = {isa = PBXFileReference; lastKnownFileType = file.storyboard; name = Base; path = Base.lproj/Main.storyboard; sourceTree = "<group>"; };
		5B3499E01941482400891444 /* Images.xcassets */ = {isa = PBXFileReference; lastKnownFileType = folder.assetcatalog; path = Images.xcassets; sourceTree = "<group>"; };
		5B3499E61941482400891444 /* DemoSwiftGameTests.xctest */ = {isa = PBXFileReference; explicitFileType = wrapper.cfbundle; includeInIndex = 0; path = DemoSwiftGameTests.xctest; sourceTree = BUILT_PRODUCTS_DIR; };
		5B3499EB1941482400891444 /* Info.plist */ = {isa = PBXFileReference; lastKnownFileType = text.plist.xml; path = Info.plist; sourceTree = "<group>"; };
		5B3499EC1941482400891444 /* DemoSwiftGameTests.swift */ = {isa = PBXFileReference; lastKnownFileType = sourcecode.swift; path = DemoSwiftGameTests.swift; sourceTree = "<group>"; };
		5B3499F919415F8500891444 /* DemoTest.swift */ = {isa = PBXFileReference; fileEncoding = 4; lastKnownFileType = sourcecode.swift; path = DemoTest.swift; sourceTree = "<group>"; };
		5B3499FA19415F8500891444 /* HelloWorld.swift */ = {isa = PBXFileReference; fileEncoding = 4; lastKnownFileType = sourcecode.swift; path = HelloWorld.swift; sourceTree = "<group>"; };
		5B3499FB19415F8500891444 /* shape.swift */ = {isa = PBXFileReference; fileEncoding = 4; lastKnownFileType = sourcecode.swift; path = shape.swift; sourceTree = "<group>"; };
/* End PBXFileReference section */

/* Begin PBXFrameworksBuildPhase section */
		5B3499CD1941482400891444 /* Frameworks */ = {
			isa = PBXFrameworksBuildPhase;
			buildActionMask = 2147483647;
			files = (
			);
			runOnlyForDeploymentPostprocessing = 0;
		};
		5B3499E31941482400891444 /* Frameworks */ = {
			isa = PBXFrameworksBuildPhase;
			buildActionMask = 2147483647;
			files = (
			);
			runOnlyForDeploymentPostprocessing = 0;
		};
/* End PBXFrameworksBuildPhase section */

/* Begin PBXGroup section */
		5B3499C71941482400891444 = {
			isa = PBXGroup;
			children = (
				5B3499F619415F8500891444 /* DemoSource */,
				5B3499D21941482400891444 /* DemoSwiftGame */,
				5B3499E91941482400891444 /* DemoSwiftGameTests */,
				5B3499D11941482400891444 /* Products */,
			);
			sourceTree = "<group>";
		};
		5B3499D11941482400891444 /* Products */ = {
			isa = PBXGroup;
			children = (
				5B3499D01941482400891444 /* DemoSwiftGame.app */,
				5B3499E61941482400891444 /* DemoSwiftGameTests.xctest */,
			);
			name = Products;
			sourceTree = "<group>";
		};
		5B3499D21941482400891444 /* DemoSwiftGame */ = {
			isa = PBXGroup;
			children = (
				5B3499D51941482400891444 /* AppDelegate.swift */,
				5B3499D71941482400891444 /* GameScene.sks */,
				5B3499D91941482400891444 /* GameScene.swift */,
				5B3499DB1941482400891444 /* GameViewController.swift */,
				5B3499DD1941482400891444 /* Main.storyboard */,
				5B3499E01941482400891444 /* Images.xcassets */,
				5B3499D31941482400891444 /* Supporting Files */,
			);
			path = DemoSwiftGame;
			sourceTree = "<group>";
		};
		5B3499D31941482400891444 /* Supporting Files */ = {
			isa = PBXGroup;
			children = (
				5B3499D41941482400891444 /* Info.plist */,
			);
			name = "Supporting Files";
			sourceTree = "<group>";
		};
		5B3499E91941482400891444 /* DemoSwiftGameTests */ = {
			isa = PBXGroup;
			children = (
				5B3499EC1941482400891444 /* DemoSwiftGameTests.swift */,
				5B3499EA1941482400891444 /* Supporting Files */,
			);
			path = DemoSwiftGameTests;
			sourceTree = "<group>";
		};
		5B3499EA1941482400891444 /* Supporting Files */ = {
			isa = PBXGroup;
			children = (
				5B3499EB1941482400891444 /* Info.plist */,
			);
			name = "Supporting Files";
			sourceTree = "<group>";
		};
		5B3499F619415F8500891444 /* DemoSource */ = {
			isa = PBXGroup;
			children = (
				5B3499F719415F8500891444 /* OCCode */,
				5B3499F819415F8500891444 /* SwiftCode */,
			);
			path = DemoSource;
			sourceTree = "<group>";
		};
		5B3499F719415F8500891444 /* OCCode */ = {
			isa = PBXGroup;
			children = (
			);
			path = OCCode;
			sourceTree = "<group>";
		};
		5B3499F819415F8500891444 /* SwiftCode */ = {
			isa = PBXGroup;
			children = (
				5B3499F919415F8500891444 /* DemoTest.swift */,
				5B3499FA19415F8500891444 /* HelloWorld.swift */,
				5B3499FB19415F8500891444 /* shape.swift */,
			);
			path = SwiftCode;
			sourceTree = "<group>";
		};
/* End PBXGroup section */

/* Begin PBXNativeTarget section */
		5B3499CF1941482400891444 /* DemoSwiftGame */ = {
			isa = PBXNativeTarget;
			buildConfigurationList = 5B3499F01941482400891444 /* Build configuration list for PBXNativeTarget "DemoSwiftGame" */;
			buildPhases = (
				5B3499CC1941482400891444 /* Sources */,
				5B3499CD1941482400891444 /* Frameworks */,
				5B3499CE1941482400891444 /* Resources */,
			);
			buildRules = (
			);
			dependencies = (
			);
			name = DemoSwiftGame;
			productName = DemoSwiftGame;
			productReference = 5B3499D01941482400891444 /* DemoSwiftGame.app */;
			productType = "com.apple.product-type.application";
		};
		5B3499E51941482400891444 /* DemoSwiftGameTests */ = {
			isa = PBXNativeTarget;
			buildConfigurationList = 5B3499F31941482400891444 /* Build configuration list for PBXNativeTarget "DemoSwiftGameTests" */;
			buildPhases = (
				5B3499E21941482400891444 /* Sources */,
				5B3499E31941482400891444 /* Frameworks */,
				5B3499E41941482400891444 /* Resources */,
			);
			buildRules = (
			);
			dependencies = (
				5B3499E81941482400891444 /* PBXTargetDependency */,
			);
			name = DemoSwiftGameTests;
			productName = DemoSwiftGameTests;
			productReference = 5B3499E61941482400891444 /* DemoSwiftGameTests.xctest */;
			productType = "com.apple.product-type.bundle.unit-test";
		};
/* End PBXNativeTarget section */

/* Begin PBXProject section */
		5B3499C81941482400891444 /* Project object */ = {
			isa = PBXProject;
			attributes = {
				LastUpgradeCheck = 0600;
				ORGANIZATIONNAME = ucweb;
				TargetAttributes = {
					5B3499CF1941482400891444 = {
						CreatedOnToolsVersion = 6.0;
					};
					5B3499E51941482400891444 = {
						CreatedOnToolsVersion = 6.0;
						TestTargetID = 5B3499CF1941482400891444;
					};
				};
			};
			buildConfigurationList = 5B3499CB1941482400891444 /* Build configuration list for PBXProject "DemoSwiftGame" */;
			compatibilityVersion = "Xcode 3.2";
			developmentRegion = English;
			hasScannedForEncodings = 0;
			knownRegions = (
				en,
				Base,
			);
			mainGroup = 5B3499C71941482400891444;
			productRefGroup = 5B3499D11941482400891444 /* Products */;
			projectDirPath = "";
			projectRoot = "";
			targets = (
				5B3499CF1941482400891444 /* DemoSwiftGame */,
				5B3499E51941482400891444 /* DemoSwiftGameTests */,
			);
		};
/* End PBXProject section */

/* Begin PBXResourcesBuildPhase section */
		5B3499CE1941482400891444 /* Resources */ = {
			isa = PBXResourcesBuildPhase;
			buildActionMask = 2147483647;
			files = (
				5B3499E11941482400891444 /* Images.xcassets in Resources */,
				5B3499D81941482400891444 /* GameScene.sks in Resources */,
				5B3499DF1941482400891444 /* Main.storyboard in Resources */,
			);
			runOnlyForDeploymentPostprocessing = 0;
		};
		5B3499E41941482400891444 /* Resources */ = {
			isa = PBXResourcesBuildPhase;
			buildActionMask = 2147483647;
			files = (
			);
			runOnlyForDeploymentPostprocessing = 0;
		};
/* End PBXResourcesBuildPhase section */

/* Begin PBXSourcesBuildPhase section */
		5B3499CC1941482400891444 /* Sources */ = {
			isa = PBXSourcesBuildPhase;
			buildActionMask = 2147483647;
			files = (
				5B3499FD19415F8500891444 /* HelloWorld.swift in Sources */,
				5B3499DA1941482400891444 /* GameScene.swift in Sources */,
				5B3499DC1941482400891444 /* GameViewController.swift in Sources */,
				5B3499FC19415F8500891444 /* DemoTest.swift in Sources */,
				5B3499D61941482400891444 /* AppDelegate.swift in Sources */,
				5B3499FE19415F8500891444 /* shape.swift in Sources */,
			);
			runOnlyForDeploymentPostprocessing = 0;
		};
		5B3499E21941482400891444 /* Sources */ = {
			isa = PBXSourcesBuildPhase;
			buildActionMask = 2147483647;
			files = (
				5B3499ED1941482400891444 /* DemoSwiftGameTests.swift in Sources */,
			);
			runOnlyForDeploymentPostprocessing = 0;
		};
/* End PBXSourcesBuildPhase section */

/* Begin PBXTargetDependency section */
		5B3499E81941482400891444 /* PBXTargetDependency */ = {
			isa = PBXTargetDependency;
			target = 5B3499CF1941482400891444 /* DemoSwiftGame */;
			targetProxy = 5B3499E71941482400891444 /* PBXContainerItemProxy */;
		};
/* End PBXTargetDependency section */

/* Begin PBXVariantGroup section */
		5B3499DD1941482400891444 /* Main.storyboard */ = {
			isa = PBXVariantGroup;
			children = (
				5B3499DE1941482400891444 /* Base */,
			);
			name = Main.storyboard;
			sourceTree = "<group>";
		};
/* End PBXVariantGroup section */

/* Begin XCBuildConfiguration section */
		5B3499EE1941482400891444 /* Debug */ = {
			isa = XCBuildConfiguration;
			buildSettings = {
				ALWAYS_SEARCH_USER_PATHS = NO;
				CLANG_CXX_LANGUAGE_STANDARD = "gnu++0x";
				CLANG_CXX_LIBRARY = "libc++";
				CLANG_ENABLE_MODULES = YES;
				CLANG_ENABLE_OBJC_ARC = YES;
				CLANG_WARN_BOOL_CONVERSION = YES;
				CLANG_WARN_CONSTANT_CONVERSION = YES;
				CLANG_WARN_DIRECT_OBJC_ISA_USAGE = YES_ERROR;
				CLANG_WARN_EMPTY_BODY = YES;
				CLANG_WARN_ENUM_CONVERSION = YES;
				CLANG_WARN_INT_CONVERSION = YES;
				CLANG_WARN_OBJC_ROOT_CLASS = YES_ERROR;
				CLANG_WARN_UNREACHABLE_CODE = YES;
				CLANG_WARN__DUPLICATE_METHOD_MATCH = YES;
				"CODE_SIGN_IDENTITY[sdk=iphoneos*]" = "iPhone Developer";
				COPY_PHASE_STRIP = NO;
				ENABLE_STRICT_OBJC_MSGSEND = YES;
				GCC_C_LANGUAGE_STANDARD = gnu99;
				GCC_DYNAMIC_NO_PIC = NO;
				GCC_OPTIMIZATION_LEVEL = 0;
				GCC_PREPROCESSOR_DEFINITIONS = (
					"DEBUG=1",
					"$(inherited)",
				);
				GCC_SYMBOLS_PRIVATE_EXTERN = NO;
				GCC_WARN_64_TO_32_BIT_CONVERSION = YES;
				GCC_WARN_ABOUT_RETURN_TYPE = YES_ERROR;
				GCC_WARN_UNDECLARED_SELECTOR = YES;
				GCC_WARN_UNINITIALIZED_AUTOS = YES_AGGRESSIVE;
				GCC_WARN_UNUSED_FUNCTION = YES;
				GCC_WARN_UNUSED_VARIABLE = YES;
				IPHONEOS_DEPLOYMENT_TARGET = 8.0;
				METAL_ENABLE_DEBUG_INFO = YES;
				ONLY_ACTIVE_ARCH = YES;
				SDKROOT = iphoneos;
				SWIFT_OPTIMIZATION_LEVEL = "-Onone";
			};
			name = Debug;
		};
		5B3499EF1941482400891444 /* Release */ = {
			isa = XCBuildConfiguration;
			buildSettings = {
				ALWAYS_SEARCH_USER_PATHS = NO;
				CLANG_CXX_LANGUAGE_STANDARD = "gnu++0x";
				CLANG_CXX_LIBRARY = "libc++";
				CLANG_ENABLE_MODULES = YES;
				CLANG_ENABLE_OBJC_ARC = YES;
				CLANG_WARN_BOOL_CONVERSION = YES;
				CLANG_WARN_CONSTANT_CONVERSION = YES;
				CLANG_WARN_DIRECT_OBJC_ISA_USAGE = YES_ERROR;
				CLANG_WARN_EMPTY_BODY = YES;
				CLANG_WARN_ENUM_CONVERSION = YES;
				CLANG_WARN_INT_CONVERSION = YES;
				CLANG_WARN_OBJC_ROOT_CLASS = YES_ERROR;
				CLANG_WARN_UNREACHABLE_CODE = YES;
				CLANG_WARN__DUPLICATE_METHOD_MATCH = YES;
				"CODE_SIGN_IDENTITY[sdk=iphoneos*]" = "iPhone Developer";
				COPY_PHASE_STRIP = YES;
				ENABLE_NS_ASSERTIONS = NO;
				ENABLE_STRICT_OBJC_MSGSEND = YES;
				GCC_C_LANGUAGE_STANDARD = gnu99;
				GCC_WARN_64_TO_32_BIT_CONVERSION = YES;
				GCC_WARN_ABOUT_RETURN_TYPE = YES_ERROR;
				GCC_WARN_UNDECLARED_SELECTOR = YES;
				GCC_WARN_UNINITIALIZED_AUTOS = YES_AGGRESSIVE;
				GCC_WARN_UNUSED_FUNCTION = YES;
				GCC_WARN_UNUSED_VARIABLE = YES;
				IPHONEOS_DEPLOYMENT_TARGET = 8.0;
				METAL_ENABLE_DEBUG_INFO = NO;
				SDKROOT = iphoneos;
				VALIDATE_PRODUCT = YES;
			};
			name = Release;
		};
		5B3499F11941482400891444 /* Debug */ = {
			isa = XCBuildConfiguration;
			buildSettings = {
				ASSETCATALOG_COMPILER_APPICON_NAME = AppIcon;
				ASSETCATALOG_COMPILER_LAUNCHIMAGE_NAME = LaunchImage;
				CODE_SIGN_IDENTITY = "iPhone Developer: yang fasheng (QRZJ36RX88)";
				INFOPLIST_FILE = DemoSwiftGame/Info.plist;
				LD_RUNPATH_SEARCH_PATHS = "$(inherited) @executable_path/Frameworks";
				PRODUCT_NAME = "$(TARGET_NAME)";
				PROVISIONING_PROFILE = "E18AEF7B-4F86-484E-AF5E-C294CA495C9C";
			};
			name = Debug;
		};
		5B3499F21941482400891444 /* Release */ = {
			isa = XCBuildConfiguration;
			buildSettings = {
				ASSETCATALOG_COMPILER_APPICON_NAME = AppIcon;
				ASSETCATALOG_COMPILER_LAUNCHIMAGE_NAME = LaunchImage;
				CODE_SIGN_IDENTITY = "iPhone Developer: yang fasheng (QRZJ36RX88)";
				INFOPLIST_FILE = DemoSwiftGame/Info.plist;
				LD_RUNPATH_SEARCH_PATHS = "$(inherited) @executable_path/Frameworks";
				PRODUCT_NAME = "$(TARGET_NAME)";
				PROVISIONING_PROFILE = "E18AEF7B-4F86-484E-AF5E-C294CA495C9C";
			};
			name = Release;
		};
		5B3499F41941482400891444 /* Debug */ = {
			isa = XCBuildConfiguration;
			buildSettings = {
				BUNDLE_LOADER = "$(BUILT_PRODUCTS_DIR)/DemoSwiftGame.app/DemoSwiftGame";
				FRAMEWORK_SEARCH_PATHS = (
					"$(SDKROOT)/Developer/Library/Frameworks",
					"$(inherited)",
				);
				GCC_PREPROCESSOR_DEFINITIONS = (
					"DEBUG=1",
					"$(inherited)",
				);
				INFOPLIST_FILE = DemoSwiftGameTests/Info.plist;
				LD_RUNPATH_SEARCH_PATHS = "$(inherited) @executable_path/Frameworks @loader_path/Frameworks";
				METAL_ENABLE_DEBUG_INFO = YES;
				PRODUCT_NAME = "$(TARGET_NAME)";
				TEST_HOST = "$(BUNDLE_LOADER)";
			};
			name = Debug;
		};
		5B3499F51941482400891444 /* Release */ = {
			isa = XCBuildConfiguration;
			buildSettings = {
				BUNDLE_LOADER = "$(BUILT_PRODUCTS_DIR)/DemoSwiftGame.app/DemoSwiftGame";
				FRAMEWORK_SEARCH_PATHS = (
					"$(SDKROOT)/Developer/Library/Frameworks",
					"$(inherited)",
				);
				INFOPLIST_FILE = DemoSwiftGameTests/Info.plist;
				LD_RUNPATH_SEARCH_PATHS = "$(inherited) @executable_path/Frameworks @loader_path/Frameworks";
				METAL_ENABLE_DEBUG_INFO = NO;
				PRODUCT_NAME = "$(TARGET_NAME)";
				TEST_HOST = "$(BUNDLE_LOADER)";
			};
			name = Release;
		};
/* End XCBuildConfiguration section */

/* Begin XCConfigurationList section */
		5B3499CB1941482400891444 /* Build configuration list for PBXProject "DemoSwiftGame" */ = {
			isa = XCConfigurationList;
			buildConfigurations = (
				5B3499EE1941482400891444 /* Debug */,
				5B3499EF1941482400891444 /* Release */,
			);
			defaultConfigurationIsVisible = 0;
			defaultConfigurationName = Release;
		};
		5B3499F01941482400891444 /* Build configuration list for PBXNativeTarget "DemoSwiftGame" */ = {
			isa = XCConfigurationList;
			buildConfigurations = (
				5B3499F11941482400891444 /* Debug */,
				5B3499F21941482400891444 /* Release */,
			);
			defaultConfigurationIsVisible = 0;
			defaultConfigurationName = Release;
		};
		5B3499F31941482400891444 /* Build configuration list for PBXNativeTarget "DemoSwiftGameTests" */ = {
			isa = XCConfigurationList;
			buildConfigurations = (
				5B3499F41941482400891444 /* Debug */,
				5B3499F51941482400891444 /* Release */,
			);
			defaultConfigurationIsVisible = 0;
			defaultConfigurationName = Release;
		};
/* End XCConfigurationList section */
	};
	rootObject = 5B3499C81941482400891444 /* Project object */;
}
